
Microsoft Visual Studio Solution File, Format Version 12.00
# Visual Studio Version 17
VisualStudioVersion = 17.3.32825.248
MinimumVisualStudioVersion = 10.0.40219.1
Project("{FAE04EC0-301F-11D3-BF4B-00C04F79EFBC}") = "ticket-api", "ticket-api.csproj", "{D069F2BA-2938-4C43-A374-9F7A38293D9B}"
EndProject
Project("{2150E333-8FDC-42A3-9474-1A3956D46DE8}") = "Solution Items", "Solution Items", "{79C5A490-340B-460E-82D0-E8427897F3BC}"
	ProjectSection(SolutionItems) = preProject
		.editorconfig = .editorconfig
	EndProjectSection
EndProject
Global
	GlobalSection(SolutionConfigurationPlatforms) = preSolution
		Debug|Any CPU = Debug|Any CPU
		Release|Any CPU = Release|Any CPU
	EndGlobalSection
	GlobalSection(ProjectConfigurationPlatforms) = postSolution
		{D069F2BA-2938-4C43-A374-9F7A38293D9B}.Debug|Any CPU.ActiveCfg = Debug|Any CPU
		{D069F2BA-2938-4C43-A374-9F7A38293D9B}.Debug|Any CPU.Build.0 = Debug|Any CPU
		{D069F2BA-2938-4C43-A374-9F7A38293D9B}.Release|Any CPU.ActiveCfg = Release|Any CPU
		{D069F2BA-2938-4C43-A374-9F7A38293D9B}.Release|Any CPU.Build.0 = Release|Any CPU
	EndGlobalSection
	GlobalSection(SolutionProperties) = preSolution
		HideSolutionNode = FALSE
	EndGlobalSection
	GlobalSection(ExtensibilityGlobals) = postSolution
		SolutionGuid = {6517A2EE-52CF-40F5-ADCA-F713FC908FD6}
	EndGlobalSection
EndGlobal
